
Microsoft Visual Studio Solution File, Format Version 12.00
# Visual Studio Version 16
VisualStudioVersion = 16.0.30011.22
MinimumVisualStudioVersion = 10.0.40219.1
Project("{FAE04EC0-301F-11D3-BF4B-00C04F79EFBC}") = "donguler_while_foreach", "donguler_while_foreach\donguler_while_foreach.csproj", "{F42136BD-183B-4C07-8DFE-6DC6EFBAAD4B}"
EndProject
Global
	GlobalSection(SolutionConfigurationPlatforms) = preSolution
		Debug|Any CPU = Debug|Any CPU
		Release|Any CPU = Release|Any CPU
	EndGlobalSection
	GlobalSection(ProjectConfigurationPlatforms) = postSolution
		{F42136BD-183B-4C07-8DFE-6DC6EFBAAD4B}.Debug|Any CPU.ActiveCfg = Debug|Any CPU
		{F42136BD-183B-4C07-8DFE-6DC6EFBAAD4B}.Debug|Any CPU.Build.0 = Debug|Any CPU
		{F42136BD-183B-4C07-8DFE-6DC6EFBAAD4B}.Release|Any CPU.ActiveCfg = Release|Any CPU
		{F42136BD-183B-4C07-8DFE-6DC6EFBAAD4B}.Release|Any CPU.Build.0 = Release|Any CPU
	EndGlobalSection
	GlobalSection(SolutionProperties) = preSolution
		HideSolutionNode = FALSE
	EndGlobalSection
	GlobalSection(ExtensibilityGlobals) = postSolution
		SolutionGuid = {84E657B3-FE50-4BCA-92AB-5E753753C237}
	EndGlobalSection
EndGlobal
