
Microsoft Visual Studio Solution File, Format Version 12.00
# Visual Studio Version 16
VisualStudioVersion = 16.0.30011.22
MinimumVisualStudioVersion = 10.0.40219.1
Project("{FAE04EC0-301F-11D3-BF4B-00C04F79EFBC}") = "degiskenler", "degiskenler\degiskenler.csproj", "{264A862C-0668-4BEF-8E35-DF7F230BA887}"
EndProject
Global
	GlobalSection(SolutionConfigurationPlatforms) = preSolution
		Debug|Any CPU = Debug|Any CPU
		Release|Any CPU = Release|Any CPU
	EndGlobalSection
	GlobalSection(ProjectConfigurationPlatforms) = postSolution
		{264A862C-0668-4BEF-8E35-DF7F230BA887}.Debug|Any CPU.ActiveCfg = Debug|Any CPU
		{264A862C-0668-4BEF-8E35-DF7F230BA887}.Debug|Any CPU.Build.0 = Debug|Any CPU
		{264A862C-0668-4BEF-8E35-DF7F230BA887}.Release|Any CPU.ActiveCfg = Release|Any CPU
		{264A862C-0668-4BEF-8E35-DF7F230BA887}.Release|Any CPU.Build.0 = Release|Any CPU
	EndGlobalSection
	GlobalSection(SolutionProperties) = preSolution
		HideSolutionNode = FALSE
	EndGlobalSection
	GlobalSection(ExtensibilityGlobals) = postSolution
		SolutionGuid = {3FA38AC5-C92A-4BAE-BCDF-FA3F5CB771E4}
	EndGlobalSection
EndGlobal
